
Microsoft Visual Studio Solution File, Format Version 12.00
# Visual Studio Version 17
VisualStudioVersion = 17.6.33717.318
MinimumVisualStudioVersion = 10.0.40219.1
Project("{FAE04EC0-301F-11D3-BF4B-00C04F79EFBC}") = "matalaGUI4", "matalaGUI4\matalaGUI4.csproj", "{2949BC01-02B2-4F2E-9DB2-4B1202E336D5}"
EndProject
Global
	GlobalSection(SolutionConfigurationPlatforms) = preSolution
		Debug|Any CPU = Debug|Any CPU
		Release|Any CPU = Release|Any CPU
	EndGlobalSection
	GlobalSection(ProjectConfigurationPlatforms) = postSolution
		{2949BC01-02B2-4F2E-9DB2-4B1202E336D5}.Debug|Any CPU.ActiveCfg = Debug|Any CPU
		{2949BC01-02B2-4F2E-9DB2-4B1202E336D5}.Debug|Any CPU.Build.0 = Debug|Any CPU
		{2949BC01-02B2-4F2E-9DB2-4B1202E336D5}.Release|Any CPU.ActiveCfg = Release|Any CPU
		{2949BC01-02B2-4F2E-9DB2-4B1202E336D5}.Release|Any CPU.Build.0 = Release|Any CPU
	EndGlobalSection
	GlobalSection(SolutionProperties) = preSolution
		HideSolutionNode = FALSE
	EndGlobalSection
	GlobalSection(ExtensibilityGlobals) = postSolution
		SolutionGuid = {58369A07-08D7-4A20-90FF-C754B161BF65}
	EndGlobalSection
EndGlobal
